
Microsoft Visual Studio Solution File, Format Version 12.00
# Visual Studio Version 17
VisualStudioVersion = 17.0.31903.59
MinimumVisualStudioVersion = 10.0.40219.1
Project("{FAE04EC0-301F-11D3-BF4B-00C04F79EFBC}") = "API", "API\API.csproj", "{53A9FB51-7952-4818-8E27-02EFB5E2B27C}"
EndProject
Project("{FAE04EC0-301F-11D3-BF4B-00C04F79EFBC}") = "Application", "Application\Application.csproj", "{08A32136-E1A0-4C99-97FB-BACE8F7431B0}"
EndProject
Project("{FAE04EC0-301F-11D3-BF4B-00C04F79EFBC}") = "Domain", "Domain\Domain.csproj", "{A3872A04-B891-4DAF-9984-70D73E3E01B9}"
EndProject
Project("{FAE04EC0-301F-11D3-BF4B-00C04F79EFBC}") = "Persistence", "Persistence\Persistence.csproj", "{639BBA65-B0BD-4EE2-A50D-8CB5C1A9F699}"
EndProject
Global
	GlobalSection(SolutionConfigurationPlatforms) = preSolution
		Debug|Any CPU = Debug|Any CPU
		Release|Any CPU = Release|Any CPU
	EndGlobalSection
	GlobalSection(SolutionProperties) = preSolution
		HideSolutionNode = FALSE
	EndGlobalSection
	GlobalSection(ProjectConfigurationPlatforms) = postSolution
		{53A9FB51-7952-4818-8E27-02EFB5E2B27C}.Debug|Any CPU.ActiveCfg = Debug|Any CPU
		{53A9FB51-7952-4818-8E27-02EFB5E2B27C}.Debug|Any CPU.Build.0 = Debug|Any CPU
		{53A9FB51-7952-4818-8E27-02EFB5E2B27C}.Release|Any CPU.ActiveCfg = Release|Any CPU
		{53A9FB51-7952-4818-8E27-02EFB5E2B27C}.Release|Any CPU.Build.0 = Release|Any CPU
		{08A32136-E1A0-4C99-97FB-BACE8F7431B0}.Debug|Any CPU.ActiveCfg = Debug|Any CPU
		{08A32136-E1A0-4C99-97FB-BACE8F7431B0}.Debug|Any CPU.Build.0 = Debug|Any CPU
		{08A32136-E1A0-4C99-97FB-BACE8F7431B0}.Release|Any CPU.ActiveCfg = Release|Any CPU
		{08A32136-E1A0-4C99-97FB-BACE8F7431B0}.Release|Any CPU.Build.0 = Release|Any CPU
		{A3872A04-B891-4DAF-9984-70D73E3E01B9}.Debug|Any CPU.ActiveCfg = Debug|Any CPU
		{A3872A04-B891-4DAF-9984-70D73E3E01B9}.Debug|Any CPU.Build.0 = Debug|Any CPU
		{A3872A04-B891-4DAF-9984-70D73E3E01B9}.Release|Any CPU.ActiveCfg = Release|Any CPU
		{A3872A04-B891-4DAF-9984-70D73E3E01B9}.Release|Any CPU.Build.0 = Release|Any CPU
		{639BBA65-B0BD-4EE2-A50D-8CB5C1A9F699}.Debug|Any CPU.ActiveCfg = Debug|Any CPU
		{639BBA65-B0BD-4EE2-A50D-8CB5C1A9F699}.Debug|Any CPU.Build.0 = Debug|Any CPU
		{639BBA65-B0BD-4EE2-A50D-8CB5C1A9F699}.Release|Any CPU.ActiveCfg = Release|Any CPU
		{639BBA65-B0BD-4EE2-A50D-8CB5C1A9F699}.Release|Any CPU.Build.0 = Release|Any CPU
	EndGlobalSection
EndGlobal
